
Microsoft Visual Studio Solution File, Format Version 12.00
# Visual Studio 15
VisualStudioVersion = 15.0.26228.9
MinimumVisualStudioVersion = 10.0.40219.1
Project("{FAE04EC0-301F-11D3-BF4B-00C04F79EFBC}") = "WpfApp1", "WpfApp1\WpfApp1.csproj", "{8358C5A6-3F07-4FB1-81F1-D3594EAEAAA6}"
EndProject
Project("{FAE04EC0-301F-11D3-BF4B-00C04F79EFBC}") = "LibraryEx", "LibraryEx\LibraryEx.csproj", "{F527FA38-6F36-4441-97E5-C22B1AC64CA8}"
EndProject
Global
	GlobalSection(SolutionConfigurationPlatforms) = preSolution
		Debug|Any CPU = Debug|Any CPU
		Release|Any CPU = Release|Any CPU
	EndGlobalSection
	GlobalSection(ProjectConfigurationPlatforms) = postSolution
		{8358C5A6-3F07-4FB1-81F1-D3594EAEAAA6}.Debug|Any CPU.ActiveCfg = Debug|Any CPU
		{8358C5A6-3F07-4FB1-81F1-D3594EAEAAA6}.Debug|Any CPU.Build.0 = Debug|Any CPU
		{8358C5A6-3F07-4FB1-81F1-D3594EAEAAA6}.Release|Any CPU.ActiveCfg = Release|Any CPU
		{8358C5A6-3F07-4FB1-81F1-D3594EAEAAA6}.Release|Any CPU.Build.0 = Release|Any CPU
		{F527FA38-6F36-4441-97E5-C22B1AC64CA8}.Debug|Any CPU.ActiveCfg = Debug|Any CPU
		{F527FA38-6F36-4441-97E5-C22B1AC64CA8}.Debug|Any CPU.Build.0 = Debug|Any CPU
		{F527FA38-6F36-4441-97E5-C22B1AC64CA8}.Release|Any CPU.ActiveCfg = Release|Any CPU
		{F527FA38-6F36-4441-97E5-C22B1AC64CA8}.Release|Any CPU.Build.0 = Release|Any CPU
	EndGlobalSection
	GlobalSection(SolutionProperties) = preSolution
		HideSolutionNode = FALSE
	EndGlobalSection
EndGlobal
